
Microsoft Visual Studio Solution File, Format Version 12.00
# Visual Studio 14
VisualStudioVersion = 14.0.25420.1
MinimumVisualStudioVersion = 10.0.40219.1
Project("{8BC9CEB8-8B4A-11D0-8D11-00A0C91BC942}") = "VehicleWebApp", "VehicleWebApp\VehicleWebApp.vcxproj", "{D73EBFEE-4F98-4A71-9BCB-7DB52ED6A6B0}"
EndProject
Project("{8BC9CEB8-8B4A-11D0-8D11-00A0C91BC942}") = "VehicleServices", "VehicleServices\VehicleServices.vcxproj", "{8EA02FAE-5176-4E47-9643-2B14887DB1BC}"
EndProject
Project("{8BC9CEB8-8B4A-11D0-8D11-00A0C91BC942}") = "VehicleServicesUT", "VehicleServicesUT\VehicleServicesUT.vcxproj", "{B1F840DA-6285-45B9-A3B7-7535A8A16D5A}"
EndProject
Project("{8BC9CEB8-8B4A-11D0-8D11-00A0C91BC942}") = "VehicleDAO", "VehicleDAO\VehicleDAO.vcxproj", "{7DBD9AEC-3732-41A4-B12E-E86518DB794C}"
EndProject
Project("{8BC9CEB8-8B4A-11D0-8D11-00A0C91BC942}") = "VehicleObjects", "VehicleObjects\VehicleObjects.vcxproj", "{EF643CFE-AF9B-4252-9A82-23310E84AF8E}"
EndProject
Global
	GlobalSection(SolutionConfigurationPlatforms) = preSolution
		Debug|x64 = Debug|x64
		Debug|x86 = Debug|x86
		Release|x64 = Release|x64
		Release|x86 = Release|x86
	EndGlobalSection
	GlobalSection(ProjectConfigurationPlatforms) = postSolution
		{D73EBFEE-4F98-4A71-9BCB-7DB52ED6A6B0}.Debug|x64.ActiveCfg = Debug|x64
		{D73EBFEE-4F98-4A71-9BCB-7DB52ED6A6B0}.Debug|x64.Build.0 = Debug|x64
		{D73EBFEE-4F98-4A71-9BCB-7DB52ED6A6B0}.Debug|x86.ActiveCfg = Debug|Win32
		{D73EBFEE-4F98-4A71-9BCB-7DB52ED6A6B0}.Debug|x86.Build.0 = Debug|Win32
		{D73EBFEE-4F98-4A71-9BCB-7DB52ED6A6B0}.Release|x64.ActiveCfg = Release|x64
		{D73EBFEE-4F98-4A71-9BCB-7DB52ED6A6B0}.Release|x64.Build.0 = Release|x64
		{D73EBFEE-4F98-4A71-9BCB-7DB52ED6A6B0}.Release|x86.ActiveCfg = Release|Win32
		{D73EBFEE-4F98-4A71-9BCB-7DB52ED6A6B0}.Release|x86.Build.0 = Release|Win32
		{8EA02FAE-5176-4E47-9643-2B14887DB1BC}.Debug|x64.ActiveCfg = Debug|x64
		{8EA02FAE-5176-4E47-9643-2B14887DB1BC}.Debug|x64.Build.0 = Debug|x64
		{8EA02FAE-5176-4E47-9643-2B14887DB1BC}.Debug|x86.ActiveCfg = Debug|Win32
		{8EA02FAE-5176-4E47-9643-2B14887DB1BC}.Debug|x86.Build.0 = Debug|Win32
		{8EA02FAE-5176-4E47-9643-2B14887DB1BC}.Release|x64.ActiveCfg = Release|x64
		{8EA02FAE-5176-4E47-9643-2B14887DB1BC}.Release|x64.Build.0 = Release|x64
		{8EA02FAE-5176-4E47-9643-2B14887DB1BC}.Release|x86.ActiveCfg = Release|Win32
		{8EA02FAE-5176-4E47-9643-2B14887DB1BC}.Release|x86.Build.0 = Release|Win32
		{B1F840DA-6285-45B9-A3B7-7535A8A16D5A}.Debug|x64.ActiveCfg = Debug|x64
		{B1F840DA-6285-45B9-A3B7-7535A8A16D5A}.Debug|x64.Build.0 = Debug|x64
		{B1F840DA-6285-45B9-A3B7-7535A8A16D5A}.Debug|x86.ActiveCfg = Debug|Win32
		{B1F840DA-6285-45B9-A3B7-7535A8A16D5A}.Debug|x86.Build.0 = Debug|Win32
		{B1F840DA-6285-45B9-A3B7-7535A8A16D5A}.Release|x64.ActiveCfg = Release|x64
		{B1F840DA-6285-45B9-A3B7-7535A8A16D5A}.Release|x64.Build.0 = Release|x64
		{B1F840DA-6285-45B9-A3B7-7535A8A16D5A}.Release|x86.ActiveCfg = Release|Win32
		{B1F840DA-6285-45B9-A3B7-7535A8A16D5A}.Release|x86.Build.0 = Release|Win32
		{7DBD9AEC-3732-41A4-B12E-E86518DB794C}.Debug|x64.ActiveCfg = Debug|x64
		{7DBD9AEC-3732-41A4-B12E-E86518DB794C}.Debug|x64.Build.0 = Debug|x64
		{7DBD9AEC-3732-41A4-B12E-E86518DB794C}.Debug|x86.ActiveCfg = Debug|Win32
		{7DBD9AEC-3732-41A4-B12E-E86518DB794C}.Debug|x86.Build.0 = Debug|Win32
		{7DBD9AEC-3732-41A4-B12E-E86518DB794C}.Release|x64.ActiveCfg = Release|x64
		{7DBD9AEC-3732-41A4-B12E-E86518DB794C}.Release|x64.Build.0 = Release|x64
		{7DBD9AEC-3732-41A4-B12E-E86518DB794C}.Release|x86.ActiveCfg = Release|Win32
		{7DBD9AEC-3732-41A4-B12E-E86518DB794C}.Release|x86.Build.0 = Release|Win32
		{EF643CFE-AF9B-4252-9A82-23310E84AF8E}.Debug|x64.ActiveCfg = Debug|x64
		{EF643CFE-AF9B-4252-9A82-23310E84AF8E}.Debug|x64.Build.0 = Debug|x64
		{EF643CFE-AF9B-4252-9A82-23310E84AF8E}.Debug|x86.ActiveCfg = Debug|Win32
		{EF643CFE-AF9B-4252-9A82-23310E84AF8E}.Debug|x86.Build.0 = Debug|Win32
		{EF643CFE-AF9B-4252-9A82-23310E84AF8E}.Release|x64.ActiveCfg = Release|x64
		{EF643CFE-AF9B-4252-9A82-23310E84AF8E}.Release|x64.Build.0 = Release|x64
		{EF643CFE-AF9B-4252-9A82-23310E84AF8E}.Release|x86.ActiveCfg = Release|Win32
		{EF643CFE-AF9B-4252-9A82-23310E84AF8E}.Release|x86.Build.0 = Release|Win32
	EndGlobalSection
	GlobalSection(SolutionProperties) = preSolution
		HideSolutionNode = FALSE
	EndGlobalSection
EndGlobal
